
Microsoft Visual Studio Solution File, Format Version 12.00
# Visual Studio Version 16
VisualStudioVersion = 16.0.31729.503
MinimumVisualStudioVersion = 10.0.40219.1
Project("{FAE04EC0-301F-11D3-BF4B-00C04F79EFBC}") = "Employee", "Employee\Employee.csproj", "{CDBC9431-0DEB-44D2-88FA-A3DA583450FC}"
EndProject
Global
	GlobalSection(SolutionConfigurationPlatforms) = preSolution
		Debug|Any CPU = Debug|Any CPU
		Release|Any CPU = Release|Any CPU
	EndGlobalSection
	GlobalSection(ProjectConfigurationPlatforms) = postSolution
		{CDBC9431-0DEB-44D2-88FA-A3DA583450FC}.Debug|Any CPU.ActiveCfg = Debug|Any CPU
		{CDBC9431-0DEB-44D2-88FA-A3DA583450FC}.Debug|Any CPU.Build.0 = Debug|Any CPU
		{CDBC9431-0DEB-44D2-88FA-A3DA583450FC}.Release|Any CPU.ActiveCfg = Release|Any CPU
		{CDBC9431-0DEB-44D2-88FA-A3DA583450FC}.Release|Any CPU.Build.0 = Release|Any CPU
	EndGlobalSection
	GlobalSection(SolutionProperties) = preSolution
		HideSolutionNode = FALSE
	EndGlobalSection
	GlobalSection(ExtensibilityGlobals) = postSolution
		SolutionGuid = {A942C3A5-DDAA-4BAD-9243-CAD51A1B64D8}
	EndGlobalSection
EndGlobal
